<?xml version="1.0" encoding="utf-8"?>
<Project ToolsVersion="4.0" xmlns="http://schemas.microsoft.com/developer/msbuild/2003">
  <ItemGroup>
    <Filter Include="Source Files">
      <UniqueIdentifier>{4FC737F1-C7A5-4376-A066-2A32D752A2FF}</UniqueIdentifier>
      <Extensions>cpp;c;cc;cxx;c++;cppm;ixx;def;odl;idl;hpj;bat;asm;asmx</Extensions>
    </Filter>
    <Filter Include="Header Files">
      <UniqueIdentifier>{93995380-89BD-4b04-88EB-625FBE52EBFB}</UniqueIdentifier>
      <Extensions>h;hh;hpp;hxx;h++;hm;inl;inc;ipp;xsd</Extensions>
    </Filter>
    <Filter Include="Resource Files">
      <UniqueIdentifier>{67DA6AB6-F800-4c08-8B7A-83BB121AAD01}</UniqueIdentifier>
      <Extensions>rc;ico;cur;bmp;dlg;rc2;rct;bin;rgs;gif;jpg;jpeg;jpe;resx;tiff;tif;png;wav;mfcribbon-ms</Extensions>
    </Filter>
    <Filter Include="Header Files\Helper">
      <UniqueIdentifier>{a230faad-de84-438b-8db1-9aba1d057ded}</UniqueIdentifier>
    </Filter>
    <Filter Include="Source Files\Helper">
      <UniqueIdentifier>{d59ac962-29c2-4281-98a9-6a7cf0b559d2}</UniqueIdentifier>
    </Filter>
    <Filter Include="Header Files\QueryParser">
      <UniqueIdentifier>{e034ffac-b557-4e81-9a6e-07f45ff5d068}</UniqueIdentifier>
    </Filter>
    <Filter Include="Source Files\QueryParser">
      <UniqueIdentifier>{02866b17-f096-424e-88c4-27e7a105a37a}</UniqueIdentifier>
    </Filter>
    <Filter Include="Header Files\TextInput">
      <UniqueIdentifier>{2cca0219-0ef3-47ad-b90b-5c29dedc4f28}</UniqueIdentifier>
    </Filter>
    <Filter Include="Source Files\TextInput">
      <UniqueIdentifier>{a5ffb26e-54ad-414c-aec8-84cd76e3f2c3}</UniqueIdentifier>
    </Filter>
    <Filter Include="Header Files\Spreadsheet">
      <UniqueIdentifier>{f06b20c3-58ac-4f4c-b4cf-3aa64ab7514e}</UniqueIdentifier>
    </Filter>
    <Filter Include="Source Files\Spreadsheet">
      <UniqueIdentifier>{c9830111-1a9a-44a9-8423-88ba69377f41}</UniqueIdentifier>
    </Filter>
    <Filter Include="Header Files\Table">
      <UniqueIdentifier>{35d19623-645d-4441-8510-255fc1d1971b}</UniqueIdentifier>
    </Filter>
    <Filter Include="Source Files\Table">
      <UniqueIdentifier>{186ef497-444c-4e81-8618-e4d39950dd02}</UniqueIdentifier>
    </Filter>
    <Filter Include="Header Files\Database">
      <UniqueIdentifier>{e71122bb-5a8d-42b9-a02e-06c83f0c4c88}</UniqueIdentifier>
    </Filter>
    <Filter Include="Source Files\Database">
      <UniqueIdentifier>{0cf9de95-ac97-43ff-bb6b-739abcdcbc27}</UniqueIdentifier>
    </Filter>
    <Filter Include="Header Files\Exceptions">
      <UniqueIdentifier>{925cc0b4-59ac-4ed3-966d-02e1cc9548e1}</UniqueIdentifier>
    </Filter>
    <Filter Include="Source Files\Exceptions">
      <UniqueIdentifier>{908d5fa8-6c7e-4ddf-955b-20d701873980}</UniqueIdentifier>
    </Filter>
  </ItemGroup>
  <ItemGroup>
    <ClCompile Include="Main.cpp">
      <Filter>Source Files</Filter>
    </ClCompile>
    <ClCompile Include="Model.cpp">
      <Filter>Source Files</Filter>
    </ClCompile>
    <ClCompile Include="View.cpp">
      <Filter>Source Files</Filter>
    </ClCompile>
    <ClCompile Include="Controller.cpp">
      <Filter>Source Files</Filter>
    </ClCompile>
    <ClCompile Include="Helper\Fonts.cpp">
      <Filter>Source Files\Helper</Filter>
    </ClCompile>
    <ClCompile Include="Helper\Position.cpp">
      <Filter>Source Files\Helper</Filter>
    </ClCompile>
    <ClCompile Include="Helper\MouseEvents.cpp">
      <Filter>Source Files\Helper</Filter>
    </ClCompile>
    <ClCompile Include="DatabaseProgram.cpp">
      <Filter>Source Files</Filter>
    </ClCompile>
    <ClCompile Include="Cell.cpp">
      <Filter>Source Files\Spreadsheet</Filter>
    </ClCompile>
    <ClCompile Include="CellView.cpp">
      <Filter>Source Files\Spreadsheet</Filter>
    </ClCompile>
    <ClCompile Include="Spreadsheet.cpp">
      <Filter>Source Files\Spreadsheet</Filter>
    </ClCompile>
    <ClCompile Include="SpreadsheetView.cpp">
      <Filter>Source Files\Spreadsheet</Filter>
    </ClCompile>
    <ClCompile Include="Cursor.cpp">
      <Filter>Source Files\TextInput</Filter>
    </ClCompile>
    <ClCompile Include="Heap.cpp">
      <Filter>Source Files\TextInput</Filter>
    </ClCompile>
    <ClCompile Include="SearchBox.cpp">
      <Filter>Source Files\TextInput</Filter>
    </ClCompile>
    <ClCompile Include="Word.cpp">
      <Filter>Source Files\TextInput</Filter>
    </ClCompile>
    <ClCompile Include="WordSort.cpp">
      <Filter>Source Files\TextInput</Filter>
    </ClCompile>
    <ClCompile Include="FileReader.cpp">
      <Filter>Source Files\TextInput</Filter>
    </ClCompile>
    <ClCompile Include="Graph.cpp">
      <Filter>Source Files\QueryParser</Filter>
    </ClCompile>
    <ClCompile Include="Table.cpp">
      <Filter>Source Files\Table</Filter>
    </ClCompile>
    <ClCompile Include="TableManager.cpp">
      <Filter>Source Files\Table</Filter>
    </ClCompile>
    <ClCompile Include="Database.cpp">
      <Filter>Source Files\Database</Filter>
    </ClCompile>
    <ClCompile Include="DBToken.cpp">
      <Filter>Source Files\Database</Filter>
    </ClCompile>
    <ClCompile Include="Tokenizer.cpp">
      <Filter>Source Files\QueryParser</Filter>
    </ClCompile>
    <ClCompile Include="InvalidColumn.cpp">
      <Filter>Source Files\Exceptions</Filter>
    </ClCompile>
  </ItemGroup>
  <ItemGroup>
    <ClInclude Include="Model.h">
      <Filter>Header Files</Filter>
    </ClInclude>
    <ClInclude Include="View.h">
      <Filter>Header Files</Filter>
    </ClInclude>
    <ClInclude Include="Controller.h">
      <Filter>Header Files</Filter>
    </ClInclude>
    <ClInclude Include="Helper\ColorPalette.h">
      <Filter>Header Files\Helper</Filter>
    </ClInclude>
    <ClInclude Include="Helper\Fonts.h">
      <Filter>Header Files\Helper</Filter>
    </ClInclude>
    <ClInclude Include="Helper\Position.h">
      <Filter>Header Files\Helper</Filter>
    </ClInclude>
    <ClInclude Include="Helper\MouseEvents.h">
      <Filter>Header Files\Helper</Filter>
    </ClInclude>
    <ClInclude Include="DatabaseProgram.h">
      <Filter>Header Files</Filter>
    </ClInclude>
    <ClInclude Include="Cell.h">
      <Filter>Header Files\Spreadsheet</Filter>
    </ClInclude>
    <ClInclude Include="CellView.h">
      <Filter>Header Files\Spreadsheet</Filter>
    </ClInclude>
    <ClInclude Include="Spreadsheet.h">
      <Filter>Header Files\Spreadsheet</Filter>
    </ClInclude>
    <ClInclude Include="SpreadsheetView.h">
      <Filter>Header Files\Spreadsheet</Filter>
    </ClInclude>
    <ClInclude Include="Heap.h">
      <Filter>Header Files\TextInput</Filter>
    </ClInclude>
    <ClInclude Include="SearchBox.h">
      <Filter>Header Files\TextInput</Filter>
    </ClInclude>
    <ClInclude Include="TreeNode.h">
      <Filter>Header Files\TextInput</Filter>
    </ClInclude>
    <ClInclude Include="Word.h">
      <Filter>Header Files\TextInput</Filter>
    </ClInclude>
    <ClInclude Include="WordSort.h">
      <Filter>Header Files\TextInput</Filter>
    </ClInclude>
    <ClInclude Include="Cursor.h">
      <Filter>Header Files\TextInput</Filter>
    </ClInclude>
    <ClInclude Include="FileReader.h">
      <Filter>Header Files\TextInput</Filter>
    </ClInclude>
    <ClInclude Include="Graph.h">
      <Filter>Header Files\QueryParser</Filter>
    </ClInclude>
    <ClInclude Include="Tokenizer.h">
      <Filter>Header Files\QueryParser</Filter>
    </ClInclude>
    <ClInclude Include="Queries.h">
      <Filter>Header Files\QueryParser</Filter>
    </ClInclude>
    <ClInclude Include="Table.h">
      <Filter>Header Files\Table</Filter>
    </ClInclude>
    <ClInclude Include="TableManager.h">
      <Filter>Header Files\Table</Filter>
    </ClInclude>
    <ClInclude Include="Database.h">
      <Filter>Header Files\Database</Filter>
    </ClInclude>
    <ClInclude Include="DBToken.h">
      <Filter>Header Files\Database</Filter>
    </ClInclude>
    <ClInclude Include="InvalidColumn.h">
      <Filter>Header Files\Exceptions</Filter>
    </ClInclude>
  </ItemGroup>
</Project>